
Microsoft Visual Studio Solution File, Format Version 12.00
# Visual Studio 15
VisualStudioVersion = 15.0.27130.2010
MinimumVisualStudioVersion = 10.0.40219.1
Project("{FAE04EC0-301F-11D3-BF4B-00C04F79EFBC}") = "SingeltonBasiscs", "SingeltonBasiscs\SingeltonBasiscs.csproj", "{D04A2730-24F0-43AF-B353-34542D207330}"
EndProject
Global
	GlobalSection(SolutionConfigurationPlatforms) = preSolution
		Debug|Any CPU = Debug|Any CPU
		Release|Any CPU = Release|Any CPU
	EndGlobalSection
	GlobalSection(ProjectConfigurationPlatforms) = postSolution
		{D04A2730-24F0-43AF-B353-34542D207330}.Debug|Any CPU.ActiveCfg = Debug|Any CPU
		{D04A2730-24F0-43AF-B353-34542D207330}.Debug|Any CPU.Build.0 = Debug|Any CPU
		{D04A2730-24F0-43AF-B353-34542D207330}.Release|Any CPU.ActiveCfg = Release|Any CPU
		{D04A2730-24F0-43AF-B353-34542D207330}.Release|Any CPU.Build.0 = Release|Any CPU
	EndGlobalSection
	GlobalSection(SolutionProperties) = preSolution
		HideSolutionNode = FALSE
	EndGlobalSection
	GlobalSection(ExtensibilityGlobals) = postSolution
		SolutionGuid = {6451898D-3340-4947-821E-7D6DB2897D5F}
	EndGlobalSection
EndGlobal
